
Microsoft Visual Studio Solution File, Format Version 12.00
# Visual Studio Version 17
VisualStudioVersion = 17.9.34728.123
MinimumVisualStudioVersion = 10.0.40219.1
Project("{9A19103F-16F7-4668-BE54-9A1E7A4F7556}") = "ProjetoMyTe.AppWeb", "ProjetoMyTe.AppWeb\ProjetoMyTe.AppWeb.csproj", "{AFE6C19C-9518-467D-8690-DB071878D63B}"
EndProject
Project("{9A19103F-16F7-4668-BE54-9A1E7A4F7556}") = "MyTe.API", "MyTe.API\MyTe.API.csproj", "{4ECA25B2-7C10-45F6-9CCD-633B2DAF7B64}"
EndProject
Global
	GlobalSection(SolutionConfigurationPlatforms) = preSolution
		Debug|Any CPU = Debug|Any CPU
		Release|Any CPU = Release|Any CPU
	EndGlobalSection
	GlobalSection(ProjectConfigurationPlatforms) = postSolution
		{AFE6C19C-9518-467D-8690-DB071878D63B}.Debug|Any CPU.ActiveCfg = Debug|Any CPU
		{AFE6C19C-9518-467D-8690-DB071878D63B}.Debug|Any CPU.Build.0 = Debug|Any CPU
		{AFE6C19C-9518-467D-8690-DB071878D63B}.Release|Any CPU.ActiveCfg = Release|Any CPU
		{AFE6C19C-9518-467D-8690-DB071878D63B}.Release|Any CPU.Build.0 = Release|Any CPU
		{4ECA25B2-7C10-45F6-9CCD-633B2DAF7B64}.Debug|Any CPU.ActiveCfg = Debug|Any CPU
		{4ECA25B2-7C10-45F6-9CCD-633B2DAF7B64}.Debug|Any CPU.Build.0 = Debug|Any CPU
		{4ECA25B2-7C10-45F6-9CCD-633B2DAF7B64}.Release|Any CPU.ActiveCfg = Release|Any CPU
		{4ECA25B2-7C10-45F6-9CCD-633B2DAF7B64}.Release|Any CPU.Build.0 = Release|Any CPU
	EndGlobalSection
	GlobalSection(SolutionProperties) = preSolution
		HideSolutionNode = FALSE
	EndGlobalSection
	GlobalSection(ExtensibilityGlobals) = postSolution
		SolutionGuid = {911A7F79-CBF1-45ED-A9F1-7036325A998D}
	EndGlobalSection
EndGlobal
